{
  "object": {
    "pins": [
      {
        "package": "IQKeyboardManagerSwift",
        "repositoryURL": "https://github.com/hackiftekhar/IQKeyboardManager",
        "state": {
          "branch": null,
          "revision": "4dc6bc7d1c9747bd0c261c8c055903f9fdef91f7",
          "version": "6.5.6"
        }
      },
      {
        "package": "Kingfisher",
        "repositoryURL": "https://github.com/onevcat/Kingfisher.git",
        "state": {
          "branch": null,
          "revision": "d06df9adf50ed8cde5786d935836a5f445f780ba",
          "version": "6.3.1"
        }
      },
      {
        "package": "Peppermint",
        "repositoryURL": "https://github.com/nsagora/peppermint",
        "state": {
          "branch": null,
          "revision": "7be58b26ef1f1d990833fa439437cc7d3ccd35f4",
          "version": "1.0.0"
        }
      }
    ]
  },
  "version": 1
}
