// !$*UTF8*$!
{
	archiveVersion = 1;
	classes = {
	};
	objectVersion = 52;
	objects = {

/* Begin PBXBuildFile section */
		0B628177235DEE8100E35CAF /* AppDelegate.swift in Sources */ = {isa = PBXBuildFile; fileRef = 0B628176235DEE8100E35CAF /* AppDelegate.swift */; };
		0B628179235DEE8100E35CAF /* SceneDelegate.swift in Sources */ = {isa = PBXBuildFile; fileRef = 0B628178235DEE8100E35CAF /* SceneDelegate.swift */; };
		0B62817E235DEE8100E35CAF /* Main.storyboard in Resources */ = {isa = PBXBuildFile; fileRef = 0B62817C235DEE8100E35CAF /* Main.storyboard */; };
		0B628180235DEE8400E35CAF /* Assets.xcassets in Resources */ = {isa = PBXBuildFile; fileRef = 0B62817F235DEE8400E35CAF /* Assets.xcassets */; };
		0B628183235DEE8400E35CAF /* LaunchScreen.storyboard in Resources */ = {isa = PBXBuildFile; fileRef = 0B628181235DEE8400E35CAF /* LaunchScreen.storyboard */; };
		0B62818B235DF00000E35CAF /* WelcomeViewController.swift in Sources */ = {isa = PBXBuildFile; fileRef = 0B62818A235DF00000E35CAF /* WelcomeViewController.swift */; };
		0B62818D235DF00B00E35CAF /* RegisterViewController.swift in Sources */ = {isa = PBXBuildFile; fileRef = 0B62818C235DF00B00E35CAF /* RegisterViewController.swift */; };
		0B62818F235DF01000E35CAF /* LoginViewController.swift in Sources */ = {isa = PBXBuildFile; fileRef = 0B62818E235DF01000E35CAF /* LoginViewController.swift */; };
		0B628191235DF01B00E35CAF /* ChatViewController.swift in Sources */ = {isa = PBXBuildFile; fileRef = 0B628190235DF01B00E35CAF /* ChatViewController.swift */; };
		6412F88326E20945002015F7 /* ImageTableViewCell.swift in Sources */ = {isa = PBXBuildFile; fileRef = 6412F88126E20945002015F7 /* ImageTableViewCell.swift */; };
		6412F88426E20945002015F7 /* ImageTableViewCell.xib in Resources */ = {isa = PBXBuildFile; fileRef = 6412F88226E20945002015F7 /* ImageTableViewCell.xib */; };
		642A83AC26EB3DBB00FE8C2B /* ContactsCell.swift in Sources */ = {isa = PBXBuildFile; fileRef = 642A83AB26EB3DBB00FE8C2B /* ContactsCell.swift */; };
		642A83B126EB4E3100FE8C2B /* FriendRequestCell.swift in Sources */ = {isa = PBXBuildFile; fileRef = 642A83B026EB4E3100FE8C2B /* FriendRequestCell.swift */; };
		642A83B326EB725B00FE8C2B /* FriendRequestsTableViewController.swift in Sources */ = {isa = PBXBuildFile; fileRef = 642A83B226EB725B00FE8C2B /* FriendRequestsTableViewController.swift */; };
		642B1B6826E8BAC200977827 /* SettingsViewController.swift in Sources */ = {isa = PBXBuildFile; fileRef = 642B1B6726E8BAC200977827 /* SettingsViewController.swift */; };
		642B1B6C26E9004A00977827 /* GoogleService-Info.plist in Resources */ = {isa = PBXBuildFile; fileRef = 642B1B6B26E9004900977827 /* GoogleService-Info.plist */; };
		642DD2A426DFC99600258B68 /* CreateProfileViewController.swift in Sources */ = {isa = PBXBuildFile; fileRef = 642DD2A326DFC99600258B68 /* CreateProfileViewController.swift */; };
		642DD2A726DFCB8900258B68 /* Peppermint in Frameworks */ = {isa = PBXBuildFile; productRef = 642DD2A626DFCB8900258B68 /* Peppermint */; };
		643758EE26D8F02500845166 /* Tab.storyboard in Resources */ = {isa = PBXBuildFile; fileRef = 643758ED26D8F02500845166 /* Tab.storyboard */; };
		643F85142634120E00DDF338 /* IQKeyboardManagerSwift in Frameworks */ = {isa = PBXBuildFile; productRef = 643F85132634120E00DDF338 /* IQKeyboardManagerSwift */; };
		6471614E26E758890060664A /* Kingfisher in Frameworks */ = {isa = PBXBuildFile; productRef = 6471614D26E758890060664A /* Kingfisher */; };
		6471615026E78BDE0060664A /* ImageDetailViewController.swift in Sources */ = {isa = PBXBuildFile; fileRef = 6471614F26E78BDE0060664A /* ImageDetailViewController.swift */; };
		64827A5A26EC847B002C6F3D /* FriendRequest.swift in Sources */ = {isa = PBXBuildFile; fileRef = 64827A5926EC847B002C6F3D /* FriendRequest.swift */; };
		64C840A526DE24D700F46A78 /* ChatCell.swift in Sources */ = {isa = PBXBuildFile; fileRef = 64C840A426DE24D700F46A78 /* ChatCell.swift */; };
		64C840A626DE2C4200F46A78 /* ChatCell.xib in Resources */ = {isa = PBXBuildFile; fileRef = 64C840A126DE15F200F46A78 /* ChatCell.xib */; };
		64DD09E22632FF6B00B43274 /* Constants.swift in Sources */ = {isa = PBXBuildFile; fileRef = 64DD09E12632FF6B00B43274 /* Constants.swift */; };
		64DD09E526330EE000B43274 /* Message.swift in Sources */ = {isa = PBXBuildFile; fileRef = 64DD09E426330EE000B43274 /* Message.swift */; };
		64DD09E92633252E00B43274 /* MessageCell.swift in Sources */ = {isa = PBXBuildFile; fileRef = 64DD09E72633252E00B43274 /* MessageCell.swift */; };
		64DD09EA2633252E00B43274 /* MessageCell.xib in Resources */ = {isa = PBXBuildFile; fileRef = 64DD09E82633252E00B43274 /* MessageCell.xib */; };
		64F5786726DA3D5D0051DAFF /* MessagesTableViewController.swift in Sources */ = {isa = PBXBuildFile; fileRef = 64F5786626DA3D5D0051DAFF /* MessagesTableViewController.swift */; };
		64F5786926DA3D8C0051DAFF /* ContactsTableViewController.swift in Sources */ = {isa = PBXBuildFile; fileRef = 64F5786826DA3D8C0051DAFF /* ContactsTableViewController.swift */; };
		64F5786B26DA428A0051DAFF /* Contact.swift in Sources */ = {isa = PBXBuildFile; fileRef = 64F5786A26DA428A0051DAFF /* Contact.swift */; };
		F8CECAA1FBCBC2E7BD93DB87 /* Pods_Chat_iOS.framework in Frameworks */ = {isa = PBXBuildFile; fileRef = 8C871EAF669D7F95EDF3ED74 /* Pods_Chat_iOS.framework */; };
/* End PBXBuildFile section */

/* Begin PBXFileReference section */
		0B628173235DEE8100E35CAF /* Chat iOS.app */ = {isa = PBXFileReference; explicitFileType = wrapper.application; includeInIndex = 0; path = "Chat iOS.app"; sourceTree = BUILT_PRODUCTS_DIR; };
		0B628176235DEE8100E35CAF /* AppDelegate.swift */ = {isa = PBXFileReference; lastKnownFileType = sourcecode.swift; path = AppDelegate.swift; sourceTree = "<group>"; };
		0B628178235DEE8100E35CAF /* SceneDelegate.swift */ = {isa = PBXFileReference; lastKnownFileType = sourcecode.swift; path = SceneDelegate.swift; sourceTree = "<group>"; };
		0B62817D235DEE8100E35CAF /* Base */ = {isa = PBXFileReference; lastKnownFileType = file.storyboard; name = Base; path = Base.lproj/Main.storyboard; sourceTree = "<group>"; };
		0B62817F235DEE8400E35CAF /* Assets.xcassets */ = {isa = PBXFileReference; lastKnownFileType = folder.assetcatalog; path = Assets.xcassets; sourceTree = "<group>"; };
		0B628182235DEE8400E35CAF /* Base */ = {isa = PBXFileReference; lastKnownFileType = file.storyboard; name = Base; path = Base.lproj/LaunchScreen.storyboard; sourceTree = "<group>"; };
		0B628184235DEE8400E35CAF /* Info.plist */ = {isa = PBXFileReference; lastKnownFileType = text.plist.xml; path = Info.plist; sourceTree = "<group>"; };
		0B62818A235DF00000E35CAF /* WelcomeViewController.swift */ = {isa = PBXFileReference; lastKnownFileType = sourcecode.swift; path = WelcomeViewController.swift; sourceTree = "<group>"; };
		0B62818C235DF00B00E35CAF /* RegisterViewController.swift */ = {isa = PBXFileReference; lastKnownFileType = sourcecode.swift; path = RegisterViewController.swift; sourceTree = "<group>"; };
		0B62818E235DF01000E35CAF /* LoginViewController.swift */ = {isa = PBXFileReference; lastKnownFileType = sourcecode.swift; path = LoginViewController.swift; sourceTree = "<group>"; };
		0B628190235DF01B00E35CAF /* ChatViewController.swift */ = {isa = PBXFileReference; lastKnownFileType = sourcecode.swift; path = ChatViewController.swift; sourceTree = "<group>"; };
		6412F88126E20945002015F7 /* ImageTableViewCell.swift */ = {isa = PBXFileReference; lastKnownFileType = sourcecode.swift; path = ImageTableViewCell.swift; sourceTree = "<group>"; };
		6412F88226E20945002015F7 /* ImageTableViewCell.xib */ = {isa = PBXFileReference; lastKnownFileType = file.xib; path = ImageTableViewCell.xib; sourceTree = "<group>"; };
		642A83AB26EB3DBB00FE8C2B /* ContactsCell.swift */ = {isa = PBXFileReference; lastKnownFileType = sourcecode.swift; path = ContactsCell.swift; sourceTree = "<group>"; };
		642A83B026EB4E3100FE8C2B /* FriendRequestCell.swift */ = {isa = PBXFileReference; lastKnownFileType = sourcecode.swift; path = FriendRequestCell.swift; sourceTree = "<group>"; };
		642A83B226EB725B00FE8C2B /* FriendRequestsTableViewController.swift */ = {isa = PBXFileReference; lastKnownFileType = sourcecode.swift; path = FriendRequestsTableViewController.swift; sourceTree = "<group>"; };
		642B1B6726E8BAC200977827 /* SettingsViewController.swift */ = {isa = PBXFileReference; lastKnownFileType = sourcecode.swift; path = SettingsViewController.swift; sourceTree = "<group>"; };
		642B1B6B26E9004900977827 /* GoogleService-Info.plist */ = {isa = PBXFileReference; fileEncoding = 4; lastKnownFileType = text.plist.xml; path = "GoogleService-Info.plist"; sourceTree = "<group>"; };
		642DD2A326DFC99600258B68 /* CreateProfileViewController.swift */ = {isa = PBXFileReference; lastKnownFileType = sourcecode.swift; path = CreateProfileViewController.swift; sourceTree = "<group>"; };
		643758ED26D8F02500845166 /* Tab.storyboard */ = {isa = PBXFileReference; lastKnownFileType = file.storyboard; path = Tab.storyboard; sourceTree = "<group>"; };
		6471614F26E78BDE0060664A /* ImageDetailViewController.swift */ = {isa = PBXFileReference; lastKnownFileType = sourcecode.swift; path = ImageDetailViewController.swift; sourceTree = "<group>"; };
		64827A5926EC847B002C6F3D /* FriendRequest.swift */ = {isa = PBXFileReference; lastKnownFileType = sourcecode.swift; path = FriendRequest.swift; sourceTree = "<group>"; };
		64C840A126DE15F200F46A78 /* ChatCell.xib */ = {isa = PBXFileReference; lastKnownFileType = file.xib; path = ChatCell.xib; sourceTree = "<group>"; };
		64C840A426DE24D700F46A78 /* ChatCell.swift */ = {isa = PBXFileReference; lastKnownFileType = sourcecode.swift; path = ChatCell.swift; sourceTree = "<group>"; };
		64DD09E12632FF6B00B43274 /* Constants.swift */ = {isa = PBXFileReference; lastKnownFileType = sourcecode.swift; path = Constants.swift; sourceTree = "<group>"; };
		64DD09E426330EE000B43274 /* Message.swift */ = {isa = PBXFileReference; lastKnownFileType = sourcecode.swift; path = Message.swift; sourceTree = "<group>"; };
		64DD09E72633252E00B43274 /* MessageCell.swift */ = {isa = PBXFileReference; lastKnownFileType = sourcecode.swift; path = MessageCell.swift; sourceTree = "<group>"; };
		64DD09E82633252E00B43274 /* MessageCell.xib */ = {isa = PBXFileReference; lastKnownFileType = file.xib; path = MessageCell.xib; sourceTree = "<group>"; };
		64F5786626DA3D5D0051DAFF /* MessagesTableViewController.swift */ = {isa = PBXFileReference; lastKnownFileType = sourcecode.swift; path = MessagesTableViewController.swift; sourceTree = "<group>"; };
		64F5786826DA3D8C0051DAFF /* ContactsTableViewController.swift */ = {isa = PBXFileReference; lastKnownFileType = sourcecode.swift; path = ContactsTableViewController.swift; sourceTree = "<group>"; };
		64F5786A26DA428A0051DAFF /* Contact.swift */ = {isa = PBXFileReference; lastKnownFileType = sourcecode.swift; path = Contact.swift; sourceTree = "<group>"; };
		741350C5A26F3A2F5E74216A /* Pods-Chat iOS.release.xcconfig */ = {isa = PBXFileReference; includeInIndex = 1; lastKnownFileType = text.xcconfig; name = "Pods-Chat iOS.release.xcconfig"; path = "Target Support Files/Pods-Chat iOS/Pods-Chat iOS.release.xcconfig"; sourceTree = "<group>"; };
		8C871EAF669D7F95EDF3ED74 /* Pods_Chat_iOS.framework */ = {isa = PBXFileReference; explicitFileType = wrapper.framework; includeInIndex = 0; path = Pods_Chat_iOS.framework; sourceTree = BUILT_PRODUCTS_DIR; };
		F8C7E623BECF155CB35EDBB7 /* Pods-Chat iOS.debug.xcconfig */ = {isa = PBXFileReference; includeInIndex = 1; lastKnownFileType = text.xcconfig; name = "Pods-Chat iOS.debug.xcconfig"; path = "Target Support Files/Pods-Chat iOS/Pods-Chat iOS.debug.xcconfig"; sourceTree = "<group>"; };
/* End PBXFileReference section */

/* Begin PBXFrameworksBuildPhase section */
		0B628170235DEE8100E35CAF /* Frameworks */ = {
			isa = PBXFrameworksBuildPhase;
			buildActionMask = 2147483647;
			files = (
				6471614E26E758890060664A /* Kingfisher in Frameworks */,
				643F85142634120E00DDF338 /* IQKeyboardManagerSwift in Frameworks */,
				642DD2A726DFCB8900258B68 /* Peppermint in Frameworks */,
				F8CECAA1FBCBC2E7BD93DB87 /* Pods_Chat_iOS.framework in Frameworks */,
			);
			runOnlyForDeploymentPostprocessing = 0;
		};
/* End PBXFrameworksBuildPhase section */

/* Begin PBXGroup section */
		017015513A83DC24BB24E5C6 /* Pods */ = {
			isa = PBXGroup;
			children = (
				F8C7E623BECF155CB35EDBB7 /* Pods-Chat iOS.debug.xcconfig */,
				741350C5A26F3A2F5E74216A /* Pods-Chat iOS.release.xcconfig */,
			);
			path = Pods;
			sourceTree = "<group>";
		};
		0B62816A235DEE8100E35CAF = {
			isa = PBXGroup;
			children = (
				0B628175235DEE8100E35CAF /* Chat iOS */,
				0B628174235DEE8100E35CAF /* Products */,
				017015513A83DC24BB24E5C6 /* Pods */,
				878EC29C3A9C8E508E2D40B3 /* Frameworks */,
			);
			sourceTree = "<group>";
		};
		0B628174235DEE8100E35CAF /* Products */ = {
			isa = PBXGroup;
			children = (
				0B628173235DEE8100E35CAF /* Chat iOS.app */,
			);
			name = Products;
			sourceTree = "<group>";
		};
		0B628175235DEE8100E35CAF /* Chat iOS */ = {
			isa = PBXGroup;
			children = (
				0B628176235DEE8100E35CAF /* AppDelegate.swift */,
				0B628178235DEE8100E35CAF /* SceneDelegate.swift */,
				0B628194235DF03A00E35CAF /* Models */,
				0B628193235DF03400E35CAF /* Views */,
				0B628192235DF02000E35CAF /* Controllers */,
				0B62817F235DEE8400E35CAF /* Assets.xcassets */,
				0B628184235DEE8400E35CAF /* Info.plist */,
				642B1B6B26E9004900977827 /* GoogleService-Info.plist */,
				64DD09E12632FF6B00B43274 /* Constants.swift */,
			);
			path = "Chat iOS";
			sourceTree = "<group>";
		};
		0B628192235DF02000E35CAF /* Controllers */ = {
			isa = PBXGroup;
			children = (
				64F5786526DA3CFC0051DAFF /* Tab */,
				64F5786426DA3CE90051DAFF /* Main */,
			);
			path = Controllers;
			sourceTree = "<group>";
		};
		0B628193235DF03400E35CAF /* Views */ = {
			isa = PBXGroup;
			children = (
				642A83AF26EB4DE600FE8C2B /* Custom Cells */,
				642A83AE26EB4DD800FE8C2B /* Xibs */,
				642A83AD26EB4DC100FE8C2B /* Storyboards */,
			);
			path = Views;
			sourceTree = "<group>";
		};
		0B628194235DF03A00E35CAF /* Models */ = {
			isa = PBXGroup;
			children = (
				64DD09E426330EE000B43274 /* Message.swift */,
				64F5786A26DA428A0051DAFF /* Contact.swift */,
				64827A5926EC847B002C6F3D /* FriendRequest.swift */,
			);
			path = Models;
			sourceTree = "<group>";
		};
		642A83AD26EB4DC100FE8C2B /* Storyboards */ = {
			isa = PBXGroup;
			children = (
				643758ED26D8F02500845166 /* Tab.storyboard */,
				0B62817C235DEE8100E35CAF /* Main.storyboard */,
				0B628181235DEE8400E35CAF /* LaunchScreen.storyboard */,
			);
			path = Storyboards;
			sourceTree = "<group>";
		};
		642A83AE26EB4DD800FE8C2B /* Xibs */ = {
			isa = PBXGroup;
			children = (
				64DD09E72633252E00B43274 /* MessageCell.swift */,
				64DD09E82633252E00B43274 /* MessageCell.xib */,
				64C840A126DE15F200F46A78 /* ChatCell.xib */,
				64C840A426DE24D700F46A78 /* ChatCell.swift */,
				6412F88126E20945002015F7 /* ImageTableViewCell.swift */,
				6412F88226E20945002015F7 /* ImageTableViewCell.xib */,
			);
			path = Xibs;
			sourceTree = "<group>";
		};
		642A83AF26EB4DE600FE8C2B /* Custom Cells */ = {
			isa = PBXGroup;
			children = (
				642A83AB26EB3DBB00FE8C2B /* ContactsCell.swift */,
				642A83B026EB4E3100FE8C2B /* FriendRequestCell.swift */,
			);
			path = "Custom Cells";
			sourceTree = "<group>";
		};
		64F5786426DA3CE90051DAFF /* Main */ = {
			isa = PBXGroup;
			children = (
				0B62818A235DF00000E35CAF /* WelcomeViewController.swift */,
				0B62818C235DF00B00E35CAF /* RegisterViewController.swift */,
				0B62818E235DF01000E35CAF /* LoginViewController.swift */,
				642DD2A326DFC99600258B68 /* CreateProfileViewController.swift */,
			);
			path = Main;
			sourceTree = "<group>";
		};
		64F5786526DA3CFC0051DAFF /* Tab */ = {
			isa = PBXGroup;
			children = (
				0B628190235DF01B00E35CAF /* ChatViewController.swift */,
				64F5786626DA3D5D0051DAFF /* MessagesTableViewController.swift */,
				64F5786826DA3D8C0051DAFF /* ContactsTableViewController.swift */,
				6471614F26E78BDE0060664A /* ImageDetailViewController.swift */,
				642B1B6726E8BAC200977827 /* SettingsViewController.swift */,
				642A83B226EB725B00FE8C2B /* FriendRequestsTableViewController.swift */,
			);
			path = Tab;
			sourceTree = "<group>";
		};
		878EC29C3A9C8E508E2D40B3 /* Frameworks */ = {
			isa = PBXGroup;
			children = (
				8C871EAF669D7F95EDF3ED74 /* Pods_Chat_iOS.framework */,
			);
			name = Frameworks;
			sourceTree = "<group>";
		};
/* End PBXGroup section */

/* Begin PBXNativeTarget section */
		0B628172235DEE8100E35CAF /* Chat iOS */ = {
			isa = PBXNativeTarget;
			buildConfigurationList = 0B628187235DEE8400E35CAF /* Build configuration list for PBXNativeTarget "Chat iOS" */;
			buildPhases = (
				32CEDB87DE5E233488FF261D /* [CP] Check Pods Manifest.lock */,
				0B62816F235DEE8100E35CAF /* Sources */,
				0B628170235DEE8100E35CAF /* Frameworks */,
				0B628171235DEE8100E35CAF /* Resources */,
				4051B454DEA63B9DE267D5F8 /* [CP] Embed Pods Frameworks */,
			);
			buildRules = (
			);
			dependencies = (
			);
			name = "Chat iOS";
			packageProductDependencies = (
				643F85132634120E00DDF338 /* IQKeyboardManagerSwift */,
				642DD2A626DFCB8900258B68 /* Peppermint */,
				6471614D26E758890060664A /* Kingfisher */,
			);
			productName = "Flash Chat iOS13";
			productReference = 0B628173235DEE8100E35CAF /* Chat iOS.app */;
			productType = "com.apple.product-type.application";
		};
/* End PBXNativeTarget section */

/* Begin PBXProject section */
		0B62816B235DEE8100E35CAF /* Project object */ = {
			isa = PBXProject;
			attributes = {
				LastSwiftUpdateCheck = 1110;
				LastUpgradeCheck = 1240;
				ORGANIZATIONNAME = "Sebastian Morado";
				TargetAttributes = {
					0B628172235DEE8100E35CAF = {
						CreatedOnToolsVersion = 11.1;
					};
				};
			};
			buildConfigurationList = 0B62816E235DEE8100E35CAF /* Build configuration list for PBXProject "Chat iOS" */;
			compatibilityVersion = "Xcode 9.3";
			developmentRegion = en;
			hasScannedForEncodings = 0;
			knownRegions = (
				en,
				Base,
			);
			mainGroup = 0B62816A235DEE8100E35CAF;
			packageReferences = (
				643F85122634120E00DDF338 /* XCRemoteSwiftPackageReference "IQKeyboardManager" */,
				642DD2A526DFCB8900258B68 /* XCRemoteSwiftPackageReference "peppermint" */,
				6471614C26E758890060664A /* XCRemoteSwiftPackageReference "Kingfisher" */,
			);
			productRefGroup = 0B628174235DEE8100E35CAF /* Products */;
			projectDirPath = "";
			projectRoot = "";
			targets = (
				0B628172235DEE8100E35CAF /* Chat iOS */,
			);
		};
/* End PBXProject section */

/* Begin PBXResourcesBuildPhase section */
		0B628171235DEE8100E35CAF /* Resources */ = {
			isa = PBXResourcesBuildPhase;
			buildActionMask = 2147483647;
			files = (
				6412F88426E20945002015F7 /* ImageTableViewCell.xib in Resources */,
				642B1B6C26E9004A00977827 /* GoogleService-Info.plist in Resources */,
				0B628183235DEE8400E35CAF /* LaunchScreen.storyboard in Resources */,
				64DD09EA2633252E00B43274 /* MessageCell.xib in Resources */,
				643758EE26D8F02500845166 /* Tab.storyboard in Resources */,
				0B628180235DEE8400E35CAF /* Assets.xcassets in Resources */,
				64C840A626DE2C4200F46A78 /* ChatCell.xib in Resources */,
				0B62817E235DEE8100E35CAF /* Main.storyboard in Resources */,
			);
			runOnlyForDeploymentPostprocessing = 0;
		};
/* End PBXResourcesBuildPhase section */

/* Begin PBXShellScriptBuildPhase section */
		32CEDB87DE5E233488FF261D /* [CP] Check Pods Manifest.lock */ = {
			isa = PBXShellScriptBuildPhase;
			buildActionMask = 2147483647;
			files = (
			);
			inputFileListPaths = (
			);
			inputPaths = (
				"${PODS_PODFILE_DIR_PATH}/Podfile.lock",
				"${PODS_ROOT}/Manifest.lock",
			);
			name = "[CP] Check Pods Manifest.lock";
			outputFileListPaths = (
			);
			outputPaths = (
				"$(DERIVED_FILE_DIR)/Pods-Chat iOS-checkManifestLockResult.txt",
			);
			runOnlyForDeploymentPostprocessing = 0;
			shellPath = /bin/sh;
			shellScript = "diff \"${PODS_PODFILE_DIR_PATH}/Podfile.lock\" \"${PODS_ROOT}/Manifest.lock\" > /dev/null\nif [ $? != 0 ] ; then\n    # print error to STDERR\n    echo \"error: The sandbox is not in sync with the Podfile.lock. Run 'pod install' or update your CocoaPods installation.\" >&2\n    exit 1\nfi\n# This output is used by Xcode 'outputs' to avoid re-running this script phase.\necho \"SUCCESS\" > \"${SCRIPT_OUTPUT_FILE_0}\"\n";
			showEnvVarsInLog = 0;
		};
		4051B454DEA63B9DE267D5F8 /* [CP] Embed Pods Frameworks */ = {
			isa = PBXShellScriptBuildPhase;
			buildActionMask = 2147483647;
			files = (
			);
			inputFileListPaths = (
				"${PODS_ROOT}/Target Support Files/Pods-Chat iOS/Pods-Chat iOS-frameworks-${CONFIGURATION}-input-files.xcfilelist",
			);
			name = "[CP] Embed Pods Frameworks";
			outputFileListPaths = (
				"${PODS_ROOT}/Target Support Files/Pods-Chat iOS/Pods-Chat iOS-frameworks-${CONFIGURATION}-output-files.xcfilelist",
			);
			runOnlyForDeploymentPostprocessing = 0;
			shellPath = /bin/sh;
			shellScript = "\"${PODS_ROOT}/Target Support Files/Pods-Chat iOS/Pods-Chat iOS-frameworks.sh\"\n";
			showEnvVarsInLog = 0;
		};
/* End PBXShellScriptBuildPhase section */

/* Begin PBXSourcesBuildPhase section */
		0B62816F235DEE8100E35CAF /* Sources */ = {
			isa = PBXSourcesBuildPhase;
			buildActionMask = 2147483647;
			files = (
				64F5786B26DA428A0051DAFF /* Contact.swift in Sources */,
				0B62818B235DF00000E35CAF /* WelcomeViewController.swift in Sources */,
				64DD09E92633252E00B43274 /* MessageCell.swift in Sources */,
				64F5786926DA3D8C0051DAFF /* ContactsTableViewController.swift in Sources */,
				0B628177235DEE8100E35CAF /* AppDelegate.swift in Sources */,
				64F5786726DA3D5D0051DAFF /* MessagesTableViewController.swift in Sources */,
				642A83B126EB4E3100FE8C2B /* FriendRequestCell.swift in Sources */,
				64DD09E526330EE000B43274 /* Message.swift in Sources */,
				0B628179235DEE8100E35CAF /* SceneDelegate.swift in Sources */,
				6412F88326E20945002015F7 /* ImageTableViewCell.swift in Sources */,
				0B62818F235DF01000E35CAF /* LoginViewController.swift in Sources */,
				64827A5A26EC847B002C6F3D /* FriendRequest.swift in Sources */,
				0B628191235DF01B00E35CAF /* ChatViewController.swift in Sources */,
				64C840A526DE24D700F46A78 /* ChatCell.swift in Sources */,
				642A83B326EB725B00FE8C2B /* FriendRequestsTableViewController.swift in Sources */,
				642B1B6826E8BAC200977827 /* SettingsViewController.swift in Sources */,
				0B62818D235DF00B00E35CAF /* RegisterViewController.swift in Sources */,
				642A83AC26EB3DBB00FE8C2B /* ContactsCell.swift in Sources */,
				6471615026E78BDE0060664A /* ImageDetailViewController.swift in Sources */,
				642DD2A426DFC99600258B68 /* CreateProfileViewController.swift in Sources */,
				64DD09E22632FF6B00B43274 /* Constants.swift in Sources */,
			);
			runOnlyForDeploymentPostprocessing = 0;
		};
/* End PBXSourcesBuildPhase section */

/* Begin PBXVariantGroup section */
		0B62817C235DEE8100E35CAF /* Main.storyboard */ = {
			isa = PBXVariantGroup;
			children = (
				0B62817D235DEE8100E35CAF /* Base */,
			);
			name = Main.storyboard;
			sourceTree = "<group>";
		};
		0B628181235DEE8400E35CAF /* LaunchScreen.storyboard */ = {
			isa = PBXVariantGroup;
			children = (
				0B628182235DEE8400E35CAF /* Base */,
			);
			name = LaunchScreen.storyboard;
			sourceTree = "<group>";
		};
/* End PBXVariantGroup section */

/* Begin XCBuildConfiguration section */
		0B628185235DEE8400E35CAF /* Debug */ = {
			isa = XCBuildConfiguration;
			buildSettings = {
				ALWAYS_SEARCH_USER_PATHS = NO;
				CLANG_ANALYZER_NONNULL = YES;
				CLANG_ANALYZER_NUMBER_OBJECT_CONVERSION = YES_AGGRESSIVE;
				CLANG_CXX_LANGUAGE_STANDARD = "gnu++14";
				CLANG_CXX_LIBRARY = "libc++";
				CLANG_ENABLE_MODULES = YES;
				CLANG_ENABLE_OBJC_ARC = YES;
				CLANG_ENABLE_OBJC_WEAK = YES;
				CLANG_WARN_BLOCK_CAPTURE_AUTORELEASING = YES;
				CLANG_WARN_BOOL_CONVERSION = YES;
				CLANG_WARN_COMMA = YES;
				CLANG_WARN_CONSTANT_CONVERSION = YES;
				CLANG_WARN_DEPRECATED_OBJC_IMPLEMENTATIONS = YES;
				CLANG_WARN_DIRECT_OBJC_ISA_USAGE = YES_ERROR;
				CLANG_WARN_DOCUMENTATION_COMMENTS = YES;
				CLANG_WARN_EMPTY_BODY = YES;
				CLANG_WARN_ENUM_CONVERSION = YES;
				CLANG_WARN_INFINITE_RECURSION = YES;
				CLANG_WARN_INT_CONVERSION = YES;
				CLANG_WARN_NON_LITERAL_NULL_CONVERSION = YES;
				CLANG_WARN_OBJC_IMPLICIT_RETAIN_SELF = YES;
				CLANG_WARN_OBJC_LITERAL_CONVERSION = YES;
				CLANG_WARN_OBJC_ROOT_CLASS = YES_ERROR;
				CLANG_WARN_QUOTED_INCLUDE_IN_FRAMEWORK_HEADER = YES;
				CLANG_WARN_RANGE_LOOP_ANALYSIS = YES;
				CLANG_WARN_STRICT_PROTOTYPES = YES;
				CLANG_WARN_SUSPICIOUS_MOVE = YES;
				CLANG_WARN_UNGUARDED_AVAILABILITY = YES_AGGRESSIVE;
				CLANG_WARN_UNREACHABLE_CODE = YES;
				CLANG_WARN__DUPLICATE_METHOD_MATCH = YES;
				COPY_PHASE_STRIP = NO;
				DEBUG_INFORMATION_FORMAT = dwarf;
				ENABLE_STRICT_OBJC_MSGSEND = YES;
				ENABLE_TESTABILITY = YES;
				GCC_C_LANGUAGE_STANDARD = gnu11;
				GCC_DYNAMIC_NO_PIC = NO;
				GCC_NO_COMMON_BLOCKS = YES;
				GCC_OPTIMIZATION_LEVEL = 0;
				GCC_PREPROCESSOR_DEFINITIONS = (
					"DEBUG=1",
					"$(inherited)",
				);
				GCC_WARN_64_TO_32_BIT_CONVERSION = YES;
				GCC_WARN_ABOUT_RETURN_TYPE = YES_ERROR;
				GCC_WARN_UNDECLARED_SELECTOR = YES;
				GCC_WARN_UNINITIALIZED_AUTOS = YES_AGGRESSIVE;
				GCC_WARN_UNUSED_FUNCTION = YES;
				GCC_WARN_UNUSED_VARIABLE = YES;
				IPHONEOS_DEPLOYMENT_TARGET = 14.1;
				MTL_ENABLE_DEBUG_INFO = INCLUDE_SOURCE;
				MTL_FAST_MATH = YES;
				ONLY_ACTIVE_ARCH = YES;
				SDKROOT = iphoneos;
				SWIFT_ACTIVE_COMPILATION_CONDITIONS = DEBUG;
				SWIFT_OPTIMIZATION_LEVEL = "-Onone";
			};
			name = Debug;
		};
		0B628186235DEE8400E35CAF /* Release */ = {
			isa = XCBuildConfiguration;
			buildSettings = {
				ALWAYS_SEARCH_USER_PATHS = NO;
				CLANG_ANALYZER_NONNULL = YES;
				CLANG_ANALYZER_NUMBER_OBJECT_CONVERSION = YES_AGGRESSIVE;
				CLANG_CXX_LANGUAGE_STANDARD = "gnu++14";
				CLANG_CXX_LIBRARY = "libc++";
				CLANG_ENABLE_MODULES = YES;
				CLANG_ENABLE_OBJC_ARC = YES;
				CLANG_ENABLE_OBJC_WEAK = YES;
				CLANG_WARN_BLOCK_CAPTURE_AUTORELEASING = YES;
				CLANG_WARN_BOOL_CONVERSION = YES;
				CLANG_WARN_COMMA = YES;
				CLANG_WARN_CONSTANT_CONVERSION = YES;
				CLANG_WARN_DEPRECATED_OBJC_IMPLEMENTATIONS = YES;
				CLANG_WARN_DIRECT_OBJC_ISA_USAGE = YES_ERROR;
				CLANG_WARN_DOCUMENTATION_COMMENTS = YES;
				CLANG_WARN_EMPTY_BODY = YES;
				CLANG_WARN_ENUM_CONVERSION = YES;
				CLANG_WARN_INFINITE_RECURSION = YES;
				CLANG_WARN_INT_CONVERSION = YES;
				CLANG_WARN_NON_LITERAL_NULL_CONVERSION = YES;
				CLANG_WARN_OBJC_IMPLICIT_RETAIN_SELF = YES;
				CLANG_WARN_OBJC_LITERAL_CONVERSION = YES;
				CLANG_WARN_OBJC_ROOT_CLASS = YES_ERROR;
				CLANG_WARN_QUOTED_INCLUDE_IN_FRAMEWORK_HEADER = YES;
				CLANG_WARN_RANGE_LOOP_ANALYSIS = YES;
				CLANG_WARN_STRICT_PROTOTYPES = YES;
				CLANG_WARN_SUSPICIOUS_MOVE = YES;
				CLANG_WARN_UNGUARDED_AVAILABILITY = YES_AGGRESSIVE;
				CLANG_WARN_UNREACHABLE_CODE = YES;
				CLANG_WARN__DUPLICATE_METHOD_MATCH = YES;
				COPY_PHASE_STRIP = NO;
				DEBUG_INFORMATION_FORMAT = "dwarf-with-dsym";
				ENABLE_NS_ASSERTIONS = NO;
				ENABLE_STRICT_OBJC_MSGSEND = YES;
				GCC_C_LANGUAGE_STANDARD = gnu11;
				GCC_NO_COMMON_BLOCKS = YES;
				GCC_WARN_64_TO_32_BIT_CONVERSION = YES;
				GCC_WARN_ABOUT_RETURN_TYPE = YES_ERROR;
				GCC_WARN_UNDECLARED_SELECTOR = YES;
				GCC_WARN_UNINITIALIZED_AUTOS = YES_AGGRESSIVE;
				GCC_WARN_UNUSED_FUNCTION = YES;
				GCC_WARN_UNUSED_VARIABLE = YES;
				IPHONEOS_DEPLOYMENT_TARGET = 14.1;
				MTL_ENABLE_DEBUG_INFO = NO;
				MTL_FAST_MATH = YES;
				SDKROOT = iphoneos;
				SWIFT_COMPILATION_MODE = wholemodule;
				SWIFT_OPTIMIZATION_LEVEL = "-O";
				VALIDATE_PRODUCT = YES;
			};
			name = Release;
		};
		0B628188235DEE8400E35CAF /* Debug */ = {
			isa = XCBuildConfiguration;
			baseConfigurationReference = F8C7E623BECF155CB35EDBB7 /* Pods-Chat iOS.debug.xcconfig */;
			buildSettings = {
				ASSETCATALOG_COMPILER_APPICON_NAME = AppIcon;
				CODE_SIGN_STYLE = Automatic;
				DEVELOPMENT_TEAM = 453J5S23QT;
				GCC_PREFIX_HEADER = "Chat iOS";
				INFOPLIST_FILE = "Chat iOS/Info.plist";
				LD_RUNPATH_SEARCH_PATHS = (
					"$(inherited)",
					"@executable_path/Frameworks",
				);
				PRODUCT_BUNDLE_IDENTIFIER = "com.shmorado.Chat-iOS-app-2";
				PRODUCT_NAME = "$(TARGET_NAME)";
				SWIFT_VERSION = 5.0;
				TARGETED_DEVICE_FAMILY = 1;
			};
			name = Debug;
		};
		0B628189235DEE8400E35CAF /* Release */ = {
			isa = XCBuildConfiguration;
			baseConfigurationReference = 741350C5A26F3A2F5E74216A /* Pods-Chat iOS.release.xcconfig */;
			buildSettings = {
				ASSETCATALOG_COMPILER_APPICON_NAME = AppIcon;
				CODE_SIGN_STYLE = Automatic;
				DEVELOPMENT_TEAM = 453J5S23QT;
				GCC_PREFIX_HEADER = "Chat iOS";
				INFOPLIST_FILE = "Chat iOS/Info.plist";
				LD_RUNPATH_SEARCH_PATHS = (
					"$(inherited)",
					"@executable_path/Frameworks",
				);
				PRODUCT_BUNDLE_IDENTIFIER = "com.shmorado.Chat-iOS-app-2";
				PRODUCT_NAME = "$(TARGET_NAME)";
				SWIFT_VERSION = 5.0;
				TARGETED_DEVICE_FAMILY = 1;
			};
			name = Release;
		};
/* End XCBuildConfiguration section */

/* Begin XCConfigurationList section */
		0B62816E235DEE8100E35CAF /* Build configuration list for PBXProject "Chat iOS" */ = {
			isa = XCConfigurationList;
			buildConfigurations = (
				0B628185235DEE8400E35CAF /* Debug */,
				0B628186235DEE8400E35CAF /* Release */,
			);
			defaultConfigurationIsVisible = 0;
			defaultConfigurationName = Release;
		};
		0B628187235DEE8400E35CAF /* Build configuration list for PBXNativeTarget "Chat iOS" */ = {
			isa = XCConfigurationList;
			buildConfigurations = (
				0B628188235DEE8400E35CAF /* Debug */,
				0B628189235DEE8400E35CAF /* Release */,
			);
			defaultConfigurationIsVisible = 0;
			defaultConfigurationName = Release;
		};
/* End XCConfigurationList section */

/* Begin XCRemoteSwiftPackageReference section */
		642DD2A526DFCB8900258B68 /* XCRemoteSwiftPackageReference "peppermint" */ = {
			isa = XCRemoteSwiftPackageReference;
			repositoryURL = "https://github.com/nsagora/peppermint";
			requirement = {
				kind = upToNextMajorVersion;
				minimumVersion = 1.0.0;
			};
		};
		643F85122634120E00DDF338 /* XCRemoteSwiftPackageReference "IQKeyboardManager" */ = {
			isa = XCRemoteSwiftPackageReference;
			repositoryURL = "https://github.com/hackiftekhar/IQKeyboardManager";
			requirement = {
				kind = upToNextMajorVersion;
				minimumVersion = 6.5.6;
			};
		};
		6471614C26E758890060664A /* XCRemoteSwiftPackageReference "Kingfisher" */ = {
			isa = XCRemoteSwiftPackageReference;
			repositoryURL = "https://github.com/onevcat/Kingfisher.git";
			requirement = {
				kind = upToNextMajorVersion;
				minimumVersion = 6.3.1;
			};
		};
/* End XCRemoteSwiftPackageReference section */

/* Begin XCSwiftPackageProductDependency section */
		642DD2A626DFCB8900258B68 /* Peppermint */ = {
			isa = XCSwiftPackageProductDependency;
			package = 642DD2A526DFCB8900258B68 /* XCRemoteSwiftPackageReference "peppermint" */;
			productName = Peppermint;
		};
		643F85132634120E00DDF338 /* IQKeyboardManagerSwift */ = {
			isa = XCSwiftPackageProductDependency;
			package = 643F85122634120E00DDF338 /* XCRemoteSwiftPackageReference "IQKeyboardManager" */;
			productName = IQKeyboardManagerSwift;
		};
		6471614D26E758890060664A /* Kingfisher */ = {
			isa = XCSwiftPackageProductDependency;
			package = 6471614C26E758890060664A /* XCRemoteSwiftPackageReference "Kingfisher" */;
			productName = Kingfisher;
		};
/* End XCSwiftPackageProductDependency section */
	};
	rootObject = 0B62816B235DEE8100E35CAF /* Project object */;
}
